<?xml version="1.0" encoding="utf-8"?>
<Project ToolsVersion="4.0" xmlns="http://schemas.microsoft.com/developer/msbuild/2003">
  <ItemGroup>
    <Filter Include="KamataEngine">
      <UniqueIdentifier>{4FC737F1-C7A5-4376-A066-2A32D752A2FF}</UniqueIdentifier>
      <Extensions>cpp;c;cc;cxx;c++;cppm;ixx;def;odl;idl;hpj;bat;asm;asmx</Extensions>
    </Filter>
    <Filter Include="KamataEngine\Source">
      <UniqueIdentifier>{d966e9f8-e880-44ae-8586-a08515e4cffc}</UniqueIdentifier>
    </Filter>
    <Filter Include="KamataEngine\Include">
      <UniqueIdentifier>{4aae4e40-94f7-4d32-9a91-c0c37a2edf0d}</UniqueIdentifier>
    </Filter>
    <Filter Include="KamataEngine\Adapter">
      <UniqueIdentifier>{c6468eb4-788b-4a83-b207-a5f4804e56c5}</UniqueIdentifier>
    </Filter>
    <Filter Include="クラス">
      <UniqueIdentifier>{aaace4cb-78a0-41ce-a103-4c9e70f9bc86}</UniqueIdentifier>
    </Filter>
    <Filter Include="クラス\オブジェクト">
      <UniqueIdentifier>{0150a17c-a856-4239-9342-ac43ccb9ed30}</UniqueIdentifier>
    </Filter>
    <Filter Include="クラス\シーン">
      <UniqueIdentifier>{aea2a558-4efa-4824-9f59-1b38316d363f}</UniqueIdentifier>
    </Filter>
    <Filter Include="クラス\ステージ">
      <UniqueIdentifier>{eaf0e600-6462-441a-b67a-137faeda6872}</UniqueIdentifier>
    </Filter>
    <Filter Include="クラス\オブジェクト\プレイヤー">
      <UniqueIdentifier>{b3ea5c9e-9255-4394-bc3f-ef240f9e0a13}</UniqueIdentifier>
    </Filter>
    <Filter Include="クラス\システム">
      <UniqueIdentifier>{53642770-0927-41e0-8c94-b5068ce2d2ea}</UniqueIdentifier>
    </Filter>
    <Filter Include="クラス\システム\カーソル">
      <UniqueIdentifier>{5a546529-e077-4790-92a3-3a14641e58b0}</UniqueIdentifier>
    </Filter>
    <Filter Include="ソースコード">
      <UniqueIdentifier>{b26ca075-9a75-493e-bc50-215eb4ef1a49}</UniqueIdentifier>
    </Filter>
    <Filter Include="クラス\UserInterface">
      <UniqueIdentifier>{f2cb3957-a1f0-4d07-bf0d-6b006158444f}</UniqueIdentifier>
    </Filter>
    <Filter Include="クラス\PhilliaFunction">
      <UniqueIdentifier>{92a3d3a5-7bc1-4d4a-b52c-86b0909713b6}</UniqueIdentifier>
    </Filter>
    <Filter Include="クラス\UserInterface\UI_Manager">
      <UniqueIdentifier>{a3116e8a-ab85-4855-967f-2f3d7f59577b}</UniqueIdentifier>
    </Filter>
  </ItemGroup>
  <ItemGroup>
    <ClCompile Include="C:\KamataEngine\DirectXGame\base\DirectXCommon.cpp">
      <Filter>KamataEngine\Source</Filter>
    </ClCompile>
    <ClCompile Include="C:\KamataEngine\DirectXGame\base\TextureManager.cpp">
      <Filter>KamataEngine\Source</Filter>
    </ClCompile>
    <ClCompile Include="C:\KamataEngine\DirectXGame\scene\GameScene.cpp">
      <Filter>KamataEngine\Source</Filter>
    </ClCompile>
    <ClCompile Include="C:\KamataEngine\DirectXGame\base\WinApp.cpp">
      <Filter>KamataEngine\Source</Filter>
    </ClCompile>
    <ClCompile Include="C:\KamataEngine\Adapter\Novice.cpp">
      <Filter>KamataEngine\Adapter</Filter>
    </ClCompile>
    <ClCompile Include="C:\KamataEngine\DirectXGame\2d\ImGuiManager.cpp">
      <Filter>KamataEngine</Filter>
    </ClCompile>
    <ClCompile Include="C:\KamataEngine\DirectXGame\base\StringUtility.cpp">
      <Filter>KamataEngine\Source</Filter>
    </ClCompile>
    <ClCompile Include="stage.cpp">
      <Filter>クラス\ステージ</Filter>
    </ClCompile>
    <ClCompile Include="player.cpp">
      <Filter>クラス\オブジェクト\プレイヤー</Filter>
    </ClCompile>
    <ClCompile Include="CursorManager\CursorManager.cpp">
      <Filter>クラス\システム\カーソル</Filter>
    </ClCompile>
    <ClCompile Include="main.cpp">
      <Filter>ソースコード</Filter>
    </ClCompile>
    <ClCompile Include="Scroll.cpp">
      <Filter>クラス\UserInterface</Filter>
    </ClCompile>
    <ClCompile Include="PhilliaFunction\Phill.cpp">
      <Filter>クラス\PhilliaFunction</Filter>
    </ClCompile>
    <ClCompile Include="PhilliaFunction\PhillEasing.cpp">
      <Filter>クラス\PhilliaFunction</Filter>
    </ClCompile>
    <ClCompile Include="PhilliaFunction\TCPIP.cpp">
      <Filter>クラス\PhilliaFunction</Filter>
    </ClCompile>
    <ClCompile Include="UI_Manager.cpp">
      <Filter>クラス\UserInterface\UI_Manager</Filter>
    </ClCompile>
  </ItemGroup>
  <ItemGroup>
    <ClInclude Include="C:\KamataEngine\DirectXGame\audio\Audio.h">
      <Filter>KamataEngine\Include</Filter>
    </ClInclude>
    <ClInclude Include="C:\KamataEngine\DirectXGame\2d\DebugText.h">
      <Filter>KamataEngine\Include</Filter>
    </ClInclude>
    <ClInclude Include="C:\KamataEngine\DirectXGame\base\DirectXCommon.h">
      <Filter>KamataEngine\Include</Filter>
    </ClInclude>
    <ClInclude Include="C:\KamataEngine\DirectXGame\scene\GameScene.h">
      <Filter>KamataEngine\Include</Filter>
    </ClInclude>
    <ClInclude Include="C:\KamataEngine\DirectXGame\input\Input.h">
      <Filter>KamataEngine\Include</Filter>
    </ClInclude>
    <ClInclude Include="C:\KamataEngine\DirectXGame\3d\Model.h">
      <Filter>KamataEngine\Include</Filter>
    </ClInclude>
    <ClInclude Include="C:\KamataEngine\DirectXGame\base\SafeDelete.h">
      <Filter>KamataEngine\Include</Filter>
    </ClInclude>
    <ClInclude Include="C:\KamataEngine\DirectXGame\2d\Sprite.h">
      <Filter>KamataEngine\Include</Filter>
    </ClInclude>
    <ClInclude Include="C:\KamataEngine\DirectXGame\base\TextureManager.h">
      <Filter>KamataEngine\Include</Filter>
    </ClInclude>
    <ClInclude Include="C:\KamataEngine\DirectXGame\3d\ViewProjection.h">
      <Filter>KamataEngine\Include</Filter>
    </ClInclude>
    <ClInclude Include="C:\KamataEngine\DirectXGame\base\WinApp.h">
      <Filter>KamataEngine\Include</Filter>
    </ClInclude>
    <ClInclude Include="C:\KamataEngine\DirectXGame\3d\WorldTransform.h">
      <Filter>KamataEngine\Include</Filter>
    </ClInclude>
    <ClInclude Include="C:\KamataEngine\Adapter\Novice.h">
      <Filter>KamataEngine\Adapter</Filter>
    </ClInclude>
    <ClInclude Include="C:\KamataEngine\DirectXGame\3d\CircleShadow.h">
      <Filter>KamataEngine\Include</Filter>
    </ClInclude>
    <ClInclude Include="C:\KamataEngine\DirectXGame\3d\DebugCamera.h">
      <Filter>KamataEngine\Include</Filter>
    </ClInclude>
    <ClInclude Include="C:\KamataEngine\DirectXGame\3d\DirectionalLight.h">
      <Filter>KamataEngine\Include</Filter>
    </ClInclude>
    <ClInclude Include="C:\KamataEngine\DirectXGame\3d\LightGroup.h">
      <Filter>KamataEngine\Include</Filter>
    </ClInclude>
    <ClInclude Include="C:\KamataEngine\DirectXGame\3d\Material.h">
      <Filter>KamataEngine\Include</Filter>
    </ClInclude>
    <ClInclude Include="C:\KamataEngine\DirectXGame\3d\Mesh.h">
      <Filter>KamataEngine\Include</Filter>
    </ClInclude>
    <ClInclude Include="C:\KamataEngine\DirectXGame\3d\PointLight.h">
      <Filter>KamataEngine\Include</Filter>
    </ClInclude>
    <ClInclude Include="C:\KamataEngine\DirectXGame\3d\SpotLight.h">
      <Filter>KamataEngine\Include</Filter>
    </ClInclude>
    <ClInclude Include="C:\KamataEngine\DirectXGame\math\Matrix4x4.h" />
    <ClInclude Include="C:\KamataEngine\DirectXGame\math\Vector2.h" />
    <ClInclude Include="C:\KamataEngine\DirectXGame\math\Vector3.h" />
    <ClInclude Include="C:\KamataEngine\DirectXGame\math\Vector4.h" />
    <ClInclude Include="C:\KamataEngine\DirectXGame\2d\ImGuiManager.h" />
    <ClInclude Include="C:\KamataEngine\DirectXGame\base\StringUtility.h">
      <Filter>KamataEngine\Include</Filter>
    </ClInclude>
    <ClInclude Include="stage.h">
      <Filter>クラス\ステージ</Filter>
    </ClInclude>
    <ClInclude Include="player.h">
      <Filter>クラス\オブジェクト\プレイヤー</Filter>
    </ClInclude>
    <ClInclude Include="CursorManager\CursorManager.h">
      <Filter>クラス\システム\カーソル</Filter>
    </ClInclude>
    <ClInclude Include="Scroll.h">
      <Filter>クラス\UserInterface</Filter>
    </ClInclude>
    <ClInclude Include="PhilliaFunction\Phill.h">
      <Filter>クラス\PhilliaFunction</Filter>
    </ClInclude>
    <ClInclude Include="UI_Manager.h">
      <Filter>クラス\UserInterface\UI_Manager</Filter>
    </ClInclude>
    <ClInclude Include="UI_defines.h">
      <Filter>クラス\UserInterface</Filter>
    </ClInclude>
  </ItemGroup>
</Project>